
Microsoft Visual Studio Solution File, Format Version 12.00
# Visual Studio Version 17
VisualStudioVersion = 17.14.36518.9 d17.14
MinimumVisualStudioVersion = 10.0.40219.1
Project("{FAE04EC0-301F-11D3-BF4B-00C04F79EFBC}") = "csatahajok", "csatahajok\csatahajok.csproj", "{4BE99D76-E847-4DE1-99BD-7F653B63869F}"
EndProject
Global
	GlobalSection(SolutionConfigurationPlatforms) = preSolution
		Debug|Any CPU = Debug|Any CPU
		Release|Any CPU = Release|Any CPU
	EndGlobalSection
	GlobalSection(ProjectConfigurationPlatforms) = postSolution
		{4BE99D76-E847-4DE1-99BD-7F653B63869F}.Debug|Any CPU.ActiveCfg = Debug|Any CPU
		{4BE99D76-E847-4DE1-99BD-7F653B63869F}.Debug|Any CPU.Build.0 = Debug|Any CPU
		{4BE99D76-E847-4DE1-99BD-7F653B63869F}.Release|Any CPU.ActiveCfg = Release|Any CPU
		{4BE99D76-E847-4DE1-99BD-7F653B63869F}.Release|Any CPU.Build.0 = Release|Any CPU
	EndGlobalSection
	GlobalSection(SolutionProperties) = preSolution
		HideSolutionNode = FALSE
	EndGlobalSection
	GlobalSection(ExtensibilityGlobals) = postSolution
		SolutionGuid = {0D03D225-6A37-45F8-9D00-90C510C3535E}
	EndGlobalSection
EndGlobal
