
Microsoft Visual Studio Solution File, Format Version 12.00
# Visual Studio Version 17
VisualStudioVersion = 17.14.36414.22
MinimumVisualStudioVersion = 10.0.40219.1
Project("{FAE04EC0-301F-11D3-BF4B-00C04F79EFBC}") = "hegyekCLI", "hegyekCLI\hegyekCLI.csproj", "{8521734C-CAD6-48A3-8497-25384021FDC4}"
EndProject
Project("{FAE04EC0-301F-11D3-BF4B-00C04F79EFBC}") = "hegyekCLITests", "hegyekCLITests\hegyekCLITests.csproj", "{EB5DA0EB-E06E-471C-8066-7EBC90B5CC71}"
EndProject
Project("{FAE04EC0-301F-11D3-BF4B-00C04F79EFBC}") = "hegyekWPF", "hegyekWPF\hegyekWPF.csproj", "{1D70C5FA-C947-4465-828D-30728D289A9B}"
EndProject
Global
	GlobalSection(SolutionConfigurationPlatforms) = preSolution
		Debug|Any CPU = Debug|Any CPU
		Release|Any CPU = Release|Any CPU
	EndGlobalSection
	GlobalSection(ProjectConfigurationPlatforms) = postSolution
		{8521734C-CAD6-48A3-8497-25384021FDC4}.Debug|Any CPU.ActiveCfg = Debug|Any CPU
		{8521734C-CAD6-48A3-8497-25384021FDC4}.Debug|Any CPU.Build.0 = Debug|Any CPU
		{8521734C-CAD6-48A3-8497-25384021FDC4}.Release|Any CPU.ActiveCfg = Release|Any CPU
		{8521734C-CAD6-48A3-8497-25384021FDC4}.Release|Any CPU.Build.0 = Release|Any CPU
		{EB5DA0EB-E06E-471C-8066-7EBC90B5CC71}.Debug|Any CPU.ActiveCfg = Debug|Any CPU
		{EB5DA0EB-E06E-471C-8066-7EBC90B5CC71}.Debug|Any CPU.Build.0 = Debug|Any CPU
		{EB5DA0EB-E06E-471C-8066-7EBC90B5CC71}.Release|Any CPU.ActiveCfg = Release|Any CPU
		{EB5DA0EB-E06E-471C-8066-7EBC90B5CC71}.Release|Any CPU.Build.0 = Release|Any CPU
		{1D70C5FA-C947-4465-828D-30728D289A9B}.Debug|Any CPU.ActiveCfg = Debug|Any CPU
		{1D70C5FA-C947-4465-828D-30728D289A9B}.Debug|Any CPU.Build.0 = Debug|Any CPU
		{1D70C5FA-C947-4465-828D-30728D289A9B}.Release|Any CPU.ActiveCfg = Release|Any CPU
		{1D70C5FA-C947-4465-828D-30728D289A9B}.Release|Any CPU.Build.0 = Release|Any CPU
	EndGlobalSection
	GlobalSection(SolutionProperties) = preSolution
		HideSolutionNode = FALSE
	EndGlobalSection
	GlobalSection(ExtensibilityGlobals) = postSolution
		SolutionGuid = {DD177935-C329-4D4C-89D6-A2D79138BEAA}
	EndGlobalSection
EndGlobal
